{
  "name": "assets",
  "lockfileVersion": 3,
  "requires": true,
  "packages": {
    "": {
      "dependencies": {
        "@calumk/editorjs-codecup": "^1.0.3",
        "@editorjs/code": "^2.9.0",
        "@editorjs/editorjs": "^2.28.2",
        "@editorjs/header": "^2.8.1",
        "@editorjs/inline-code": "^1.5.0",
        "@editorjs/paragraph": "^2.11.3",
        "@editorjs/raw": "^2.5.0",
        "prismjs": "^1.29.0"
      }
    },
    "node_modules/@calumk/codecup": {
      "version": "1.6.4",
      "resolved": "https://registry.npmjs.org/@calumk/codecup/-/codecup-1.6.4.tgz",
      "integrity": "sha512-FKTR7a2w4d1amcRtLZAbypPWaumN5Nm5HHeJfWbR/TnchSt7puvXXW+mzor7iTFD1tJ2A2ag3C74/+ySi3oWYw==",
      "dependencies": {
        "@types/prismjs": "^1.9.1",
        "prismjs": "^1.29.0"
      }
    },
    "node_modules/@calumk/editorjs-codecup": {
      "version": "1.0.3",
      "resolved": "https://registry.npmjs.org/@calumk/editorjs-codecup/-/editorjs-codecup-1.0.3.tgz",
      "integrity": "sha512-kCg7TP0NPfTh+bc9+wbUI5irZIc7jipeF0czFkyLPqtzwrZBahZ3MB+JLHpRXq0W9LCNZ3SnMSCOGLEnAXNC5w==",
      "dependencies": {
        "@calumk/codecup": "^1.6.4"
      }
    },
    "node_modules/@codexteam/icons": {
      "version": "0.0.5",
      "resolved": "https://registry.npmjs.org/@codexteam/icons/-/icons-0.0.5.tgz",
      "integrity": "sha512-s6H2KXhLz2rgbMZSkRm8dsMJvyUNZsEjxobBEg9ztdrb1B2H3pEzY6iTwI4XUPJWJ3c3qRKwV4TrO3J5jUdoQA=="
    },
    "node_modules/@editorjs/code": {
      "version": "2.9.0",
      "resolved": "https://registry.npmjs.org/@editorjs/code/-/code-2.9.0.tgz",
      "integrity": "sha512-QNOWxF29j6mYl/gM5HJzeGOt3s4laoZCUbuRqj6RkIvLBWMU+ASwjckEiouA61hcYUOMfpw4vQjzhsfC7xm/vA==",
      "dependencies": {
        "@codexteam/icons": "^0.0.5"
      }
    },
    "node_modules/@editorjs/editorjs": {
      "version": "2.28.2",
      "resolved": "https://registry.npmjs.org/@editorjs/editorjs/-/editorjs-2.28.2.tgz",
      "integrity": "sha512-g6V0Nd3W9IIWMpvxDNTssQ6e4kxBp1Y0W4GIf8cXRlmcBp3TUjrgCYJQmNy3l2a6ZzhyBAoVSe8krJEq4g7PQw=="
    },
    "node_modules/@editorjs/header": {
      "version": "2.8.1",
      "resolved": "https://registry.npmjs.org/@editorjs/header/-/header-2.8.1.tgz",
      "integrity": "sha512-y0HVXRP7m2W617CWo3fsb5HhXmSLaRpb9GzFx0Vkp/HEm9Dz5YO1s8tC7R8JD3MskwoYh7V0hRFQt39io/r6hA==",
      "dependencies": {
        "@codexteam/icons": "^0.0.5"
      }
    },
    "node_modules/@editorjs/inline-code": {
      "version": "1.5.0",
      "resolved": "https://registry.npmjs.org/@editorjs/inline-code/-/inline-code-1.5.0.tgz",
      "integrity": "sha512-5i6BCOG8eOg4/6qGoLJuL6XSZZg834zIByDW8K80doM1L7ss/VqtLY0nrB2Q5bfs1KA0tOlVHOfjE4JD4438FQ==",
      "dependencies": {
        "@codexteam/icons": "^0.0.5"
      }
    },
    "node_modules/@editorjs/paragraph": {
      "version": "2.11.3",
      "resolved": "https://registry.npmjs.org/@editorjs/paragraph/-/paragraph-2.11.3.tgz",
      "integrity": "sha512-ON72lhvhgWzPrq4VXpHUeut9bsFeJgVATDeL850FVToOwYHKvdsNpfu0VgxEodhkXgzU/IGl4FzdqC2wd3AJUQ==",
      "dependencies": {
        "@codexteam/icons": "^0.0.4"
      }
    },
    "node_modules/@editorjs/paragraph/node_modules/@codexteam/icons": {
      "version": "0.0.4",
      "resolved": "https://registry.npmjs.org/@codexteam/icons/-/icons-0.0.4.tgz",
      "integrity": "sha512-V8N/TY2TGyas4wLrPIFq7bcow68b3gu8DfDt1+rrHPtXxcexadKauRJL6eQgfG7Z0LCrN4boLRawR4S9gjIh/Q=="
    },
    "node_modules/@editorjs/raw": {
      "version": "2.5.0",
      "resolved": "https://registry.npmjs.org/@editorjs/raw/-/raw-2.5.0.tgz",
      "integrity": "sha512-ZOYKgR/sutOXHQ4uaWg8KzZ6yFJZCMTndezlN257GGsQ3Sa3ERcK9wZHKgAMNXaDhdKx9fDuojxRRcYvz6l9aQ==",
      "dependencies": {
        "@codexteam/icons": "^0.0.4"
      }
    },
    "node_modules/@editorjs/raw/node_modules/@codexteam/icons": {
      "version": "0.0.4",
      "resolved": "https://registry.npmjs.org/@codexteam/icons/-/icons-0.0.4.tgz",
      "integrity": "sha512-V8N/TY2TGyas4wLrPIFq7bcow68b3gu8DfDt1+rrHPtXxcexadKauRJL6eQgfG7Z0LCrN4boLRawR4S9gjIh/Q=="
    },
    "node_modules/@types/prismjs": {
      "version": "1.26.3",
      "resolved": "https://registry.npmjs.org/@types/prismjs/-/prismjs-1.26.3.tgz",
      "integrity": "sha512-A0D0aTXvjlqJ5ZILMz3rNfDBOx9hHxLZYv2by47Sm/pqW35zzjusrZTryatjN/Rf8Us2gZrJD+KeHbUSTux1Cw=="
    },
    "node_modules/prismjs": {
      "version": "1.29.0",
      "resolved": "https://registry.npmjs.org/prismjs/-/prismjs-1.29.0.tgz",
      "integrity": "sha512-Kx/1w86q/epKcmte75LNrEoT+lX8pBpavuAbvJWRXar7Hz8jrtF+e3vY751p0R8H9HdArwaCTNDDzHg/ScJK1Q==",
      "engines": {
        "node": ">=6"
      }
    }
  }
}
