{
  "name": "assets",
  "lockfileVersion": 3,
  "requires": true,
  "packages": {
    "": {
      "dependencies": {
        "@editorjs/editorjs": "^2.28.2",
        "@editorjs/header": "^2.8.1",
        "@editorjs/paragraph": "^2.11.3"
      }
    },
    "node_modules/@codexteam/icons": {
      "version": "0.0.5",
      "resolved": "https://registry.npmjs.org/@codexteam/icons/-/icons-0.0.5.tgz",
      "integrity": "sha512-s6H2KXhLz2rgbMZSkRm8dsMJvyUNZsEjxobBEg9ztdrb1B2H3pEzY6iTwI4XUPJWJ3c3qRKwV4TrO3J5jUdoQA=="
    },
    "node_modules/@editorjs/editorjs": {
      "version": "2.28.2",
      "resolved": "https://registry.npmjs.org/@editorjs/editorjs/-/editorjs-2.28.2.tgz",
      "integrity": "sha512-g6V0Nd3W9IIWMpvxDNTssQ6e4kxBp1Y0W4GIf8cXRlmcBp3TUjrgCYJQmNy3l2a6ZzhyBAoVSe8krJEq4g7PQw=="
    },
    "node_modules/@editorjs/header": {
      "version": "2.8.1",
      "resolved": "https://registry.npmjs.org/@editorjs/header/-/header-2.8.1.tgz",
      "integrity": "sha512-y0HVXRP7m2W617CWo3fsb5HhXmSLaRpb9GzFx0Vkp/HEm9Dz5YO1s8tC7R8JD3MskwoYh7V0hRFQt39io/r6hA==",
      "dependencies": {
        "@codexteam/icons": "^0.0.5"
      }
    },
    "node_modules/@editorjs/paragraph": {
      "version": "2.11.3",
      "resolved": "https://registry.npmjs.org/@editorjs/paragraph/-/paragraph-2.11.3.tgz",
      "integrity": "sha512-ON72lhvhgWzPrq4VXpHUeut9bsFeJgVATDeL850FVToOwYHKvdsNpfu0VgxEodhkXgzU/IGl4FzdqC2wd3AJUQ==",
      "dependencies": {
        "@codexteam/icons": "^0.0.4"
      }
    },
    "node_modules/@editorjs/paragraph/node_modules/@codexteam/icons": {
      "version": "0.0.4",
      "resolved": "https://registry.npmjs.org/@codexteam/icons/-/icons-0.0.4.tgz",
      "integrity": "sha512-V8N/TY2TGyas4wLrPIFq7bcow68b3gu8DfDt1+rrHPtXxcexadKauRJL6eQgfG7Z0LCrN4boLRawR4S9gjIh/Q=="
    }
  }
}
